dependencies:
- name: common
  repository: https://rubxkube.github.io/common-charts
  version: v0.3.11
- name: common
  repository: https://rubxkube.github.io/common-charts
  version: v0.3.11
- name: common
  repository: https://rubxkube.github.io/common-charts
  version: v0.3.11
- name: common
  repository: https://rubxkube.github.io/common-charts
  version: v0.3.11
- name: common
  repository: https://rubxkube.github.io/common-charts
  version: v0.3.11
- name: common
  repository: https://rubxkube.github.io/common-charts
  version: v0.3.11
- name: meilisearch
  repository: https://meilisearch.github.io/meilisearch-kubernetes
  version: 0.10.2
- name: postgresql
  repository: https://charts.bitnami.com/bitnami
  version: 16.2.5
- name: rabbitmq
  repository: https://charts.bitnami.com/bitnami
  version: 15.5.3
digest: sha256:125a8ff4022dfdf6c93d86d32f78db26d07188e03d080815687e9115095d14e8
generated: "2025-04-15T03:45:05.046001643Z"
