dependencies:
- name: common
  repository: https://rubxkube.github.io/common-charts
  version: v0.4.4
- name: common
  repository: https://rubxkube.github.io/common-charts
  version: v0.4.4
- name: common
  repository: https://rubxkube.github.io/common-charts
  version: v0.4.4
- name: common
  repository: https://rubxkube.github.io/common-charts
  version: v0.4.4
- name: common
  repository: https://rubxkube.github.io/common-charts
  version: v0.4.4
- name: common
  repository: https://rubxkube.github.io/common-charts
  version: v0.4.4
- name: meilisearch
  repository: https://meilisearch.github.io/meilisearch-kubernetes
  version: 0.10.2
- name: postgresql
  repository: https://charts.bitnami.com/bitnami
  version: 16.7.15
- name: rabbitmq
  repository: https://charts.bitnami.com/bitnami
  version: 15.1.0
digest: sha256:ac85710a5883ead23a7aca9eb13e0f1cb78e0be110f2ffc2a89db1b1951f1839
generated: "2025-07-01T20:00:34.325811641Z"
