dependencies:
- name: common
  repository: https://rubxkube.github.io/common-charts
  version: v0.4.5
- name: common
  repository: https://rubxkube.github.io/common-charts
  version: v0.4.5
- name: common
  repository: https://rubxkube.github.io/common-charts
  version: v0.4.5
- name: common
  repository: https://rubxkube.github.io/common-charts
  version: v0.4.5
- name: common
  repository: https://rubxkube.github.io/common-charts
  version: v0.4.5
- name: common
  repository: https://rubxkube.github.io/common-charts
  version: v0.4.5
- name: meilisearch
  repository: https://meilisearch.github.io/meilisearch-kubernetes
  version: 0.10.2
- name: postgresql
  repository: https://charts.bitnami.com/bitnami
  version: 16.2.5
- name: rabbitmq
  repository: https://charts.bitnami.com/bitnami
  version: 15.1.0
digest: sha256:6295d696c2d635aa2bd3ff201ea6875db69f5c512844a089e146b6798d0c03ae
generated: "2025-05-31T10:32:25.719773399Z"
