dependencies:
- name: common
  repository: https://rubxkube.github.io/common-charts
  version: v0.5.0
- name: common
  repository: https://rubxkube.github.io/common-charts
  version: v0.5.0
- name: mongodb
  repository: https://charts.bitnami.com/bitnami
  version: 18.1.10
digest: sha256:f5c83f14f38b34f37a451295270df873d4e4ebc01788950e0062eb0f5f592f7b
generated: "2026-02-12T14:18:21.37777534Z"
