dependencies:
- name: common
  repository: https://rubxkube.github.io/common-charts
  version: v0.6.4
- name: common
  repository: https://rubxkube.github.io/common-charts
  version: v0.6.4
- name: mongodb
  repository: https://charts.bitnami.com/bitnami
  version: 19.1.41
digest: sha256:14b81afd1d7f500af59d647cea2935e7e50af8de54ac77a526287c6c56857413
generated: "2026-09-04T03:32:25.043183287Z"
