dependencies:
- name: common
  repository: https://rubxkube.github.io/common-charts
  version: v0.6.4
- name: common
  repository: https://rubxkube.github.io/common-charts
  version: v0.6.4
- name: mongodb
  repository: https://charts.bitnami.com/bitnami
  version: 19.3.3
digest: sha256:4ff5f809111b84232745529e5a9dbc7f9f47cb273eacf2b220672ec2ffd8a7e8
generated: "2026-09-30T19:49:16.097639979Z"
