dependencies:
- name: common
  repository: https://rubxkube.github.io/common-charts
  version: v0.6.4
- name: postgresql
  repository: https://charts.bitnami.com/bitnami
  version: 16.2.5
digest: sha256:8996b7ab9d03113eccf060f6eeca0f2af7140926d04d3b5c15539b3d300d0464
generated: "2026-08-14T18:33:33.867363846Z"
