dependencies:
- name: common
  repository: https://rubxkube.github.io/common-charts
  version: v0.4.5
- name: postgresql
  repository: https://charts.bitnami.com/bitnami
  version: 16.7.10
digest: sha256:7bcace74c873bdbba34ef40e1149578681d0982126b3fcef2dcf7ae57f7d57dc
generated: "2025-06-06T21:54:31.199499801Z"
