dependencies:
- name: common
  repository: https://rubxkube.github.io/common-charts
  version: v0.6.4
- name: valkey
  repository: https://valkey.io/valkey-helm
  version: 0.11.0
digest: sha256:40d95c02690246a39e2ac69bcc4c72c096f71aadce324cabce1f4d7c35921a92
generated: "2026-08-14T19:10:05.747626959+02:00"
