dependencies:
- name: common
  repository: https://rubxkube.github.io/common-charts
  version: v0.6.4
- name: valkey
  repository: https://valkey.io/valkey-helm
  version: 0.12.0
digest: sha256:e5ecb9bf09a727b82f14b3f4352e678bc8e5963a3128319dae54b7ea289953b1
generated: "2026-09-02T23:11:43.445777888Z"
